
Microsoft Visual Studio Solution File, Format Version 12.00
# Visual Studio 2017
Project("{FAE04EC0-301F-11D3-BF4B-00C04F79EFBC}") = "Hopping Mad", "Hopping Mad.csproj", "{2C652ECA-5445-21E4-05DD-27CA5F6C6668}"
EndProject
Global
	GlobalSection(SolutionConfigurationPlatforms) = preSolution
		Debug|Any CPU = Debug|Any CPU
		Release|Any CPU = Release|Any CPU
	EndGlobalSection
	GlobalSection(ProjectConfigurationPlatforms) = postSolution
		{2C652ECA-5445-21E4-05DD-27CA5F6C6668}.Debug|Any CPU.ActiveCfg = Debug|Any CPU
		{2C652ECA-5445-21E4-05DD-27CA5F6C6668}.Debug|Any CPU.Build.0 = Debug|Any CPU
		{2C652ECA-5445-21E4-05DD-27CA5F6C6668}.Release|Any CPU.ActiveCfg = Release|Any CPU
		{2C652ECA-5445-21E4-05DD-27CA5F6C6668}.Release|Any CPU.Build.0 = Release|Any CPU
	EndGlobalSection
	GlobalSection(SolutionProperties) = preSolution
		HideSolutionNode = FALSE
	EndGlobalSection
EndGlobal
